
Microsoft Visual Studio Solution File, Format Version 12.00
# Visual Studio 15
VisualStudioVersion = 15.0.28307.902
MinimumVisualStudioVersion = 10.0.40219.1
Project("{00D1A9C2-B5F0-4AF3-8072-F6C62B433612}") = "JC.SqlServer.Scripts", "JC.SqlServer.Scripts\JC.SqlServer.Scripts.sqlproj", "{45CA1BB4-1AA1-4E08-84E6-12DC466A618E}"
EndProject
Global
	GlobalSection(SolutionConfigurationPlatforms) = preSolution
		Debug|Any CPU = Debug|Any CPU
		Release|Any CPU = Release|Any CPU
	EndGlobalSection
	GlobalSection(ProjectConfigurationPlatforms) = postSolution
		{45CA1BB4-1AA1-4E08-84E6-12DC466A618E}.Debug|Any CPU.ActiveCfg = Debug|Any CPU
		{45CA1BB4-1AA1-4E08-84E6-12DC466A618E}.Debug|Any CPU.Build.0 = Debug|Any CPU
		{45CA1BB4-1AA1-4E08-84E6-12DC466A618E}.Debug|Any CPU.Deploy.0 = Debug|Any CPU
		{45CA1BB4-1AA1-4E08-84E6-12DC466A618E}.Release|Any CPU.ActiveCfg = Release|Any CPU
		{45CA1BB4-1AA1-4E08-84E6-12DC466A618E}.Release|Any CPU.Build.0 = Release|Any CPU
		{45CA1BB4-1AA1-4E08-84E6-12DC466A618E}.Release|Any CPU.Deploy.0 = Release|Any CPU
	EndGlobalSection
	GlobalSection(SolutionProperties) = preSolution
		HideSolutionNode = FALSE
	EndGlobalSection
	GlobalSection(ExtensibilityGlobals) = postSolution
		SolutionGuid = {7389443B-80B2-46BD-943B-CE5AEA48B99B}
	EndGlobalSection
EndGlobal
